
Microsoft Visual Studio Solution File, Format Version 12.00
# Visual Studio Version 17
VisualStudioVersion = 17.7.34031.279
MinimumVisualStudioVersion = 10.0.40219.1
Project("{FAE04EC0-301F-11D3-BF4B-00C04F79EFBC}") = "JetwaysAdmin.Entity", "JetwaysAdmin.Entity\JetwaysAdmin.Entity.csproj", "{6DA7D0F5-BFFE-4C65-9A33-04E121E3CA1E}"
EndProject
Project("{FAE04EC0-301F-11D3-BF4B-00C04F79EFBC}") = "JetwaysAdmin.Repositories", "JetwaysAdmin.Repositories\JetwaysAdmin.Repositories.csproj", "{A92D36E5-799B-4B16-AE83-6BF4CB3A93FD}"
EndProject
Project("{FAE04EC0-301F-11D3-BF4B-00C04F79EFBC}") = "JetwaysAdmin.WebAPI", "JetwaysAdmin.WebAPI\JetwaysAdmin.WebAPI.csproj", "{602286B7-2C4F-4AFE-A057-DF26087B460E}"
EndProject
Project("{FAE04EC0-301F-11D3-BF4B-00C04F79EFBC}") = "JetwaysAdmin.UI", "JetwaysAdmin.UI\JetwaysAdmin.UI.csproj", "{D17C10C6-42CD-4E2E-B631-21E53AB4DBBF}"
EndProject
Global
	GlobalSection(SolutionConfigurationPlatforms) = preSolution
		Debug|Any CPU = Debug|Any CPU
		Release|Any CPU = Release|Any CPU
	EndGlobalSection
	GlobalSection(ProjectConfigurationPlatforms) = postSolution
		{6DA7D0F5-BFFE-4C65-9A33-04E121E3CA1E}.Debug|Any CPU.ActiveCfg = Debug|Any CPU
		{6DA7D0F5-BFFE-4C65-9A33-04E121E3CA1E}.Debug|Any CPU.Build.0 = Debug|Any CPU
		{6DA7D0F5-BFFE-4C65-9A33-04E121E3CA1E}.Release|Any CPU.ActiveCfg = Release|Any CPU
		{6DA7D0F5-BFFE-4C65-9A33-04E121E3CA1E}.Release|Any CPU.Build.0 = Release|Any CPU
		{A92D36E5-799B-4B16-AE83-6BF4CB3A93FD}.Debug|Any CPU.ActiveCfg = Debug|Any CPU
		{A92D36E5-799B-4B16-AE83-6BF4CB3A93FD}.Debug|Any CPU.Build.0 = Debug|Any CPU
		{A92D36E5-799B-4B16-AE83-6BF4CB3A93FD}.Release|Any CPU.ActiveCfg = Release|Any CPU
		{A92D36E5-799B-4B16-AE83-6BF4CB3A93FD}.Release|Any CPU.Build.0 = Release|Any CPU
		{602286B7-2C4F-4AFE-A057-DF26087B460E}.Debug|Any CPU.ActiveCfg = Debug|Any CPU
		{602286B7-2C4F-4AFE-A057-DF26087B460E}.Debug|Any CPU.Build.0 = Debug|Any CPU
		{602286B7-2C4F-4AFE-A057-DF26087B460E}.Release|Any CPU.ActiveCfg = Release|Any CPU
		{602286B7-2C4F-4AFE-A057-DF26087B460E}.Release|Any CPU.Build.0 = Release|Any CPU
		{D17C10C6-42CD-4E2E-B631-21E53AB4DBBF}.Debug|Any CPU.ActiveCfg = Debug|Any CPU
		{D17C10C6-42CD-4E2E-B631-21E53AB4DBBF}.Debug|Any CPU.Build.0 = Debug|Any CPU
		{D17C10C6-42CD-4E2E-B631-21E53AB4DBBF}.Release|Any CPU.ActiveCfg = Release|Any CPU
		{D17C10C6-42CD-4E2E-B631-21E53AB4DBBF}.Release|Any CPU.Build.0 = Release|Any CPU
	EndGlobalSection
	GlobalSection(SolutionProperties) = preSolution
		HideSolutionNode = FALSE
	EndGlobalSection
	GlobalSection(ExtensibilityGlobals) = postSolution
		SolutionGuid = {8F298727-4A6C-4525-9024-5CD034FDB127}
	EndGlobalSection
EndGlobal
